
Microsoft Visual Studio Solution File, Format Version 12.00
# Visual Studio Version 17
VisualStudioVersion = 17.12.35209.166
MinimumVisualStudioVersion = 10.0.40219.1
Project("{FAE04EC0-301F-11D3-BF4B-00C04F79EFBC}") = "TestAdo", "TestAdo\TestAdo.csproj", "{42ACC214-487B-4694-9652-8E114201F445}"
EndProject
Global
	GlobalSection(SolutionConfigurationPlatforms) = preSolution
		Debug|Any CPU = Debug|Any CPU
		Release|Any CPU = Release|Any CPU
	EndGlobalSection
	GlobalSection(ProjectConfigurationPlatforms) = postSolution
		{42ACC214-487B-4694-9652-8E114201F445}.Debug|Any CPU.ActiveCfg = Debug|Any CPU
		{42ACC214-487B-4694-9652-8E114201F445}.Debug|Any CPU.Build.0 = Debug|Any CPU
		{42ACC214-487B-4694-9652-8E114201F445}.Release|Any CPU.ActiveCfg = Release|Any CPU
		{42ACC214-487B-4694-9652-8E114201F445}.Release|Any CPU.Build.0 = Release|Any CPU
	EndGlobalSection
	GlobalSection(SolutionProperties) = preSolution
		HideSolutionNode = FALSE
	EndGlobalSection
	GlobalSection(ExtensibilityGlobals) = postSolution
		SolutionGuid = {49FDD344-0321-4936-B08C-8B0484676340}
	EndGlobalSection
EndGlobal
